
Microsoft Visual Studio Solution File, Format Version 12.00
# Visual Studio 15
VisualStudioVersion = 15.0.28010.2003
MinimumVisualStudioVersion = 10.0.40219.1
Project("{8BC9CEB8-8B4A-11D0-8D11-00A0C91BC942}") = "Test", "Test\Test.vcxproj", "{62603027-19E5-4754-9FF1-0475123AB493}"
EndProject
Project("{8BC9CEB8-8B4A-11D0-8D11-00A0C91BC942}") = "LockFree", "LockFree\LockFree.vcxproj", "{5F647374-6D6C-4FAB-B27B-06B505425D6C}"
EndProject
Project("{8BC9CEB8-8B4A-11D0-8D11-00A0C91BC942}") = "CCLib", "CCLib\CCLib.vcxproj", "{2ECEC11E-B8E9-4A17-A74A-DB1147210FF4}"
EndProject
Global
	GlobalSection(SolutionConfigurationPlatforms) = preSolution
		Debug|ARM = Debug|ARM
		Debug|ARM64 = Debug|ARM64
		Debug|x64 = Debug|x64
		Debug|x86 = Debug|x86
		Release|ARM = Release|ARM
		Release|ARM64 = Release|ARM64
		Release|x64 = Release|x64
		Release|x86 = Release|x86
	EndGlobalSection
	GlobalSection(ProjectConfigurationPlatforms) = postSolution
		{62603027-19E5-4754-9FF1-0475123AB493}.Debug|ARM.ActiveCfg = Debug|ARM
		{62603027-19E5-4754-9FF1-0475123AB493}.Debug|ARM.Build.0 = Debug|ARM
		{62603027-19E5-4754-9FF1-0475123AB493}.Debug|ARM64.ActiveCfg = Debug|ARM64
		{62603027-19E5-4754-9FF1-0475123AB493}.Debug|ARM64.Build.0 = Debug|ARM64
		{62603027-19E5-4754-9FF1-0475123AB493}.Debug|x64.ActiveCfg = Debug|x64
		{62603027-19E5-4754-9FF1-0475123AB493}.Debug|x64.Build.0 = Debug|x64
		{62603027-19E5-4754-9FF1-0475123AB493}.Debug|x86.ActiveCfg = Debug|x86
		{62603027-19E5-4754-9FF1-0475123AB493}.Debug|x86.Build.0 = Debug|x86
		{62603027-19E5-4754-9FF1-0475123AB493}.Release|ARM.ActiveCfg = Release|ARM
		{62603027-19E5-4754-9FF1-0475123AB493}.Release|ARM.Build.0 = Release|ARM
		{62603027-19E5-4754-9FF1-0475123AB493}.Release|ARM64.ActiveCfg = Release|ARM64
		{62603027-19E5-4754-9FF1-0475123AB493}.Release|ARM64.Build.0 = Release|ARM64
		{62603027-19E5-4754-9FF1-0475123AB493}.Release|x64.ActiveCfg = Release|x64
		{62603027-19E5-4754-9FF1-0475123AB493}.Release|x64.Build.0 = Release|x64
		{62603027-19E5-4754-9FF1-0475123AB493}.Release|x86.ActiveCfg = Release|x86
		{62603027-19E5-4754-9FF1-0475123AB493}.Release|x86.Build.0 = Release|x86
		{5F647374-6D6C-4FAB-B27B-06B505425D6C}.Debug|ARM.ActiveCfg = Debug|ARM
		{5F647374-6D6C-4FAB-B27B-06B505425D6C}.Debug|ARM.Build.0 = Debug|ARM
		{5F647374-6D6C-4FAB-B27B-06B505425D6C}.Debug|ARM64.ActiveCfg = Debug|ARM64
		{5F647374-6D6C-4FAB-B27B-06B505425D6C}.Debug|ARM64.Build.0 = Debug|ARM64
		{5F647374-6D6C-4FAB-B27B-06B505425D6C}.Debug|x64.ActiveCfg = Debug|x64
		{5F647374-6D6C-4FAB-B27B-06B505425D6C}.Debug|x64.Build.0 = Debug|x64
		{5F647374-6D6C-4FAB-B27B-06B505425D6C}.Debug|x86.ActiveCfg = Debug|x86
		{5F647374-6D6C-4FAB-B27B-06B505425D6C}.Debug|x86.Build.0 = Debug|x86
		{5F647374-6D6C-4FAB-B27B-06B505425D6C}.Release|ARM.ActiveCfg = Release|ARM
		{5F647374-6D6C-4FAB-B27B-06B505425D6C}.Release|ARM.Build.0 = Release|ARM
		{5F647374-6D6C-4FAB-B27B-06B505425D6C}.Release|ARM64.ActiveCfg = Release|ARM64
		{5F647374-6D6C-4FAB-B27B-06B505425D6C}.Release|ARM64.Build.0 = Release|ARM64
		{5F647374-6D6C-4FAB-B27B-06B505425D6C}.Release|x64.ActiveCfg = Release|x64
		{5F647374-6D6C-4FAB-B27B-06B505425D6C}.Release|x64.Build.0 = Release|x64
		{5F647374-6D6C-4FAB-B27B-06B505425D6C}.Release|x86.ActiveCfg = Release|x86
		{5F647374-6D6C-4FAB-B27B-06B505425D6C}.Release|x86.Build.0 = Release|x86
		{2ECEC11E-B8E9-4A17-A74A-DB1147210FF4}.Debug|ARM.ActiveCfg = Debug|ARM
		{2ECEC11E-B8E9-4A17-A74A-DB1147210FF4}.Debug|ARM.Build.0 = Debug|ARM
		{2ECEC11E-B8E9-4A17-A74A-DB1147210FF4}.Debug|ARM64.ActiveCfg = Debug|ARM64
		{2ECEC11E-B8E9-4A17-A74A-DB1147210FF4}.Debug|ARM64.Build.0 = Debug|ARM64
		{2ECEC11E-B8E9-4A17-A74A-DB1147210FF4}.Debug|x64.ActiveCfg = Debug|x64
		{2ECEC11E-B8E9-4A17-A74A-DB1147210FF4}.Debug|x64.Build.0 = Debug|x64
		{2ECEC11E-B8E9-4A17-A74A-DB1147210FF4}.Debug|x86.ActiveCfg = Debug|x86
		{2ECEC11E-B8E9-4A17-A74A-DB1147210FF4}.Debug|x86.Build.0 = Debug|x86
		{2ECEC11E-B8E9-4A17-A74A-DB1147210FF4}.Release|ARM.ActiveCfg = Release|ARM
		{2ECEC11E-B8E9-4A17-A74A-DB1147210FF4}.Release|ARM.Build.0 = Release|ARM
		{2ECEC11E-B8E9-4A17-A74A-DB1147210FF4}.Release|ARM64.ActiveCfg = Release|ARM64
		{2ECEC11E-B8E9-4A17-A74A-DB1147210FF4}.Release|ARM64.Build.0 = Release|ARM64
		{2ECEC11E-B8E9-4A17-A74A-DB1147210FF4}.Release|x64.ActiveCfg = Release|x64
		{2ECEC11E-B8E9-4A17-A74A-DB1147210FF4}.Release|x64.Build.0 = Release|x64
		{2ECEC11E-B8E9-4A17-A74A-DB1147210FF4}.Release|x86.ActiveCfg = Release|x86
		{2ECEC11E-B8E9-4A17-A74A-DB1147210FF4}.Release|x86.Build.0 = Release|x86
	EndGlobalSection
	GlobalSection(SolutionProperties) = preSolution
		HideSolutionNode = FALSE
	EndGlobalSection
	GlobalSection(ExtensibilityGlobals) = postSolution
		SolutionGuid = {6245ACE9-B1AE-4D6E-A39D-544AF9E8D664}
	EndGlobalSection
EndGlobal
